
Microsoft Visual Studio Solution File, Format Version 12.00
# Visual Studio Version 17
VisualStudioVersion = 17.5.001.0
MinimumVisualStudioVersion = 10.0.40219.1
Project("{9A19103F-16F7-4668-BE54-9A1E7A4F7556}") = "mqcat", "mqcat.csproj", "{118C451B-E704-46D6-A5CB-F482054077F8}"
EndProject
Global
	GlobalSection(SolutionConfigurationPlatforms) = preSolution
		Debug|Any CPU = Debug|Any CPU
		Release|Any CPU = Release|Any CPU
	EndGlobalSection
	GlobalSection(ProjectConfigurationPlatforms) = postSolution
		{118C451B-E704-46D6-A5CB-F482054077F8}.Debug|Any CPU.ActiveCfg = Debug|Any CPU
		{118C451B-E704-46D6-A5CB-F482054077F8}.Debug|Any CPU.Build.0 = Debug|Any CPU
		{118C451B-E704-46D6-A5CB-F482054077F8}.Release|Any CPU.ActiveCfg = Release|Any CPU
		{118C451B-E704-46D6-A5CB-F482054077F8}.Release|Any CPU.Build.0 = Release|Any CPU
	EndGlobalSection
	GlobalSection(SolutionProperties) = preSolution
		HideSolutionNode = FALSE
	EndGlobalSection
	GlobalSection(ExtensibilityGlobals) = postSolution
		SolutionGuid = {4169E52A-0736-4567-8109-A31D15293B8A}
	EndGlobalSection
EndGlobal
